
Microsoft Visual Studio Solution File, Format Version 12.00
# Visual Studio Version 17
VisualStudioVersion = 17.4.33403.182
MinimumVisualStudioVersion = 10.0.40219.1
Project("{FAE04EC0-301F-11D3-BF4B-00C04F79EFBC}") = "lab1 mvc", "lab1 mvc\lab1 mvc.csproj", "{B50F7386-0D11-45F2-8CFA-D78BACD3B91A}"
EndProject
Global
	GlobalSection(SolutionConfigurationPlatforms) = preSolution
		Debug|Any CPU = Debug|Any CPU
		Release|Any CPU = Release|Any CPU
	EndGlobalSection
	GlobalSection(ProjectConfigurationPlatforms) = postSolution
		{B50F7386-0D11-45F2-8CFA-D78BACD3B91A}.Debug|Any CPU.ActiveCfg = Debug|Any CPU
		{B50F7386-0D11-45F2-8CFA-D78BACD3B91A}.Debug|Any CPU.Build.0 = Debug|Any CPU
		{B50F7386-0D11-45F2-8CFA-D78BACD3B91A}.Release|Any CPU.ActiveCfg = Release|Any CPU
		{B50F7386-0D11-45F2-8CFA-D78BACD3B91A}.Release|Any CPU.Build.0 = Release|Any CPU
	EndGlobalSection
	GlobalSection(SolutionProperties) = preSolution
		HideSolutionNode = FALSE
	EndGlobalSection
	GlobalSection(ExtensibilityGlobals) = postSolution
		SolutionGuid = {9301683C-1C85-455D-89F6-6243822921BF}
	EndGlobalSection
EndGlobal
